
Microsoft Visual Studio Solution File, Format Version 12.00
# Visual Studio Version 18
VisualStudioVersion = 18.4.11612.150
MinimumVisualStudioVersion = 10.0.40219.1
Project("{FAE04EC0-301F-11D3-BF4B-00C04F79EFBC}") = "SlimeWrite.Avalonia", "SlimeWrite.Avalonia\SlimeWrite.Avalonia.csproj", "{2DBF607C-F8CF-FA8D-09D7-D5691AF5D247}"
EndProject
Project("{FAE04EC0-301F-11D3-BF4B-00C04F79EFBC}") = "SlimeWrite.Avalonia.Desktop", "SlimeWrite.Avalonia.Desktop\SlimeWrite.Avalonia.Desktop.csproj", "{EA7E56B6-CEF1-8EBD-9D1E-5F3AAB0211EA}"
EndProject
Project("{2150E333-8FDC-42A3-9474-1A3956D46DE8}") = "Solution Items", "Solution Items", "{6ACB7CC2-20ED-4B21-B7AD-FE314BC5E59A}"
	ProjectSection(SolutionItems) = preProject
		Directory.Build.props = Directory.Build.props
		Directory.Packages.props = Directory.Packages.props
	EndProjectSection
EndProject
Global
	GlobalSection(SolutionConfigurationPlatforms) = preSolution
		Debug|Any CPU = Debug|Any CPU
		Release|Any CPU = Release|Any CPU
	EndGlobalSection
	GlobalSection(ProjectConfigurationPlatforms) = postSolution
		{2DBF607C-F8CF-FA8D-09D7-D5691AF5D247}.Debug|Any CPU.ActiveCfg = Debug|Any CPU
		{2DBF607C-F8CF-FA8D-09D7-D5691AF5D247}.Debug|Any CPU.Build.0 = Debug|Any CPU
		{2DBF607C-F8CF-FA8D-09D7-D5691AF5D247}.Release|Any CPU.ActiveCfg = Release|Any CPU
		{2DBF607C-F8CF-FA8D-09D7-D5691AF5D247}.Release|Any CPU.Build.0 = Release|Any CPU
		{EA7E56B6-CEF1-8EBD-9D1E-5F3AAB0211EA}.Debug|Any CPU.ActiveCfg = Debug|Any CPU
		{EA7E56B6-CEF1-8EBD-9D1E-5F3AAB0211EA}.Debug|Any CPU.Build.0 = Debug|Any CPU
		{EA7E56B6-CEF1-8EBD-9D1E-5F3AAB0211EA}.Release|Any CPU.ActiveCfg = Release|Any CPU
		{EA7E56B6-CEF1-8EBD-9D1E-5F3AAB0211EA}.Release|Any CPU.Build.0 = Release|Any CPU
	EndGlobalSection
	GlobalSection(SolutionProperties) = preSolution
		HideSolutionNode = FALSE
	EndGlobalSection
	GlobalSection(ExtensibilityGlobals) = postSolution
		SolutionGuid = {CBF4D16E-089B-46A3-AC8D-59148B6AEFF0}
	EndGlobalSection
EndGlobal
